github.com/rizkymfz/go-say-hello v1.0.0 h1:X0BBO7T8B4+NDTlgOTo+52maKJ0ljrec8AnhupL2eMQ=
github.com/rizkymfz/go-say-hello v1.0.0/go.mod h1:EG0lRtuU4M6iXzYxJHR+yAvzhmK+1m7CSfwzSDKGPOs=
github.com/rizkymfz/go-say-hello v1.5.0 h1:xXssioW5VgnXamZoc5tkeuwnFtwMr/ToA6XFkh9kB7E=
github.com/rizkymfz/go-say-hello v1.5.0/go.mod h1:EG0lRtuU4M6iXzYxJHR+yAvzhmK+1m7CSfwzSDKGPOs=
github.com/rizkymfz/go-say-hello/v2 v2.0.0 h1:ZtFnPKPj0r79BdTpdJucwNXyBjfn3fp2uLncC6MPY4M=
github.com/rizkymfz/go-say-hello/v2 v2.0.0/go.mod h1:g1yd+zMB0igAIcDo5uW3Q7+N7KjFcTTtsUc16N1Aq3Y=
